// !$*UTF8*$!
{
	archiveVersion = 1;
	classes = {
	};
	objectVersion = 50;
	objects = {

/* Begin PBXBuildFile section */
		02FCDB8294257D3176DBDB95 /* Pods_mycallenderTests.framework in Frameworks */ = {isa = PBXBuildFile; fileRef = 35B86A811A1382A49659F3FE /* Pods_mycallenderTests.framework */; };
		3206AE30FE3A8B25C91C5815 /* Pods_mycallender.framework in Frameworks */ = {isa = PBXBuildFile; fileRef = 38EB04921AA0B3BBFC23BEAF /* Pods_mycallender.framework */; };
		68270E8821B8B9360053695D /* home.swift in Sources */ = {isa = PBXBuildFile; fileRef = 68270E8721B8B9360053695D /* home.swift */; };
		68270E8A21B8B96E0053695D /* input.swift in Sources */ = {isa = PBXBuildFile; fileRef = 68270E8921B8B96E0053695D /* input.swift */; };
		68270E8C21B8B9A20053695D /* settings.swift in Sources */ = {isa = PBXBuildFile; fileRef = 68270E8B21B8B9A20053695D /* settings.swift */; };
		68270E8E21B8B9C20053695D /* graph.swift in Sources */ = {isa = PBXBuildFile; fileRef = 68270E8D21B8B9C20053695D /* graph.swift */; };
		68547DE536086210E3CD131C /* Pods_mycallenderUITests.framework in Frameworks */ = {isa = PBXBuildFile; fileRef = 4DA8F75E015E5D596C5EA2FA /* Pods_mycallenderUITests.framework */; };
		68D6539221B8A2DD00169DA5 /* AppDelegate.swift in Sources */ = {isa = PBXBuildFile; fileRef = 68D6539121B8A2DD00169DA5 /* AppDelegate.swift */; };
		68D6539921B8A2DD00169DA5 /* Main.storyboard in Resources */ = {isa = PBXBuildFile; fileRef = 68D6539721B8A2DD00169DA5 /* Main.storyboard */; };
		68D6539B21B8A2E000169DA5 /* Assets.xcassets in Resources */ = {isa = PBXBuildFile; fileRef = 68D6539A21B8A2E000169DA5 /* Assets.xcassets */; };
		68D6539E21B8A2E000169DA5 /* LaunchScreen.storyboard in Resources */ = {isa = PBXBuildFile; fileRef = 68D6539C21B8A2E000169DA5 /* LaunchScreen.storyboard */; };
		68D653A921B8A2E000169DA5 /* mycallenderTests.swift in Sources */ = {isa = PBXBuildFile; fileRef = 68D653A821B8A2E000169DA5 /* mycallenderTests.swift */; };
		68D653B421B8A2E000169DA5 /* mycallenderUITests.swift in Sources */ = {isa = PBXBuildFile; fileRef = 68D653B321B8A2E000169DA5 /* mycallenderUITests.swift */; };
		68D653C421B8A31D00169DA5 /* graph.storyboard in Resources */ = {isa = PBXBuildFile; fileRef = 68D653C321B8A31D00169DA5 /* graph.storyboard */; };
		68D653C621B8A32B00169DA5 /* settings.storyboard in Resources */ = {isa = PBXBuildFile; fileRef = 68D653C521B8A32B00169DA5 /* settings.storyboard */; };
		68D653C821B8A33800169DA5 /* input.storyboard in Resources */ = {isa = PBXBuildFile; fileRef = 68D653C721B8A33800169DA5 /* input.storyboard */; };
		68D653CA21B8A35100169DA5 /* home.storyboard in Resources */ = {isa = PBXBuildFile; fileRef = 68D653C921B8A35100169DA5 /* home.storyboard */; };
		A4442A6021B8C6480078AD61 /* Event.swift in Sources */ = {isa = PBXBuildFile; fileRef = A4442A5F21B8C6480078AD61 /* Event.swift */; };
/* End PBXBuildFile section */

/* Begin PBXContainerItemProxy section */
		68D653A521B8A2E000169DA5 /* PBXContainerItemProxy */ = {
			isa = PBXContainerItemProxy;
			containerPortal = 68D6538621B8A2DD00169DA5 /* Project object */;
			proxyType = 1;
			remoteGlobalIDString = 68D6538D21B8A2DD00169DA5;
			remoteInfo = mycallender;
		};
		68D653B021B8A2E000169DA5 /* PBXContainerItemProxy */ = {
			isa = PBXContainerItemProxy;
			containerPortal = 68D6538621B8A2DD00169DA5 /* Project object */;
			proxyType = 1;
			remoteGlobalIDString = 68D6538D21B8A2DD00169DA5;
			remoteInfo = mycallender;
		};
/* End PBXContainerItemProxy section */

/* Begin PBXFileReference section */
		0B231C379AE96BB8349D21F1 /* Pods-mycallenderUITests.debug.xcconfig */ = {isa = PBXFileReference; includeInIndex = 1; lastKnownFileType = text.xcconfig; name = "Pods-mycallenderUITests.debug.xcconfig"; path = "Pods/Target Support Files/Pods-mycallenderUITests/Pods-mycallenderUITests.debug.xcconfig"; sourceTree = "<group>"; };
		1B843D7E5FCBC5BBB18AC979 /* Pods-mycallender.debug.xcconfig */ = {isa = PBXFileReference; includeInIndex = 1; lastKnownFileType = text.xcconfig; name = "Pods-mycallender.debug.xcconfig"; path = "Pods/Target Support Files/Pods-mycallender/Pods-mycallender.debug.xcconfig"; sourceTree = "<group>"; };
		1CFC33F1D01C5B86C4FAB0EF /* Pods-mycallenderUITests.release.xcconfig */ = {isa = PBXFileReference; includeInIndex = 1; lastKnownFileType = text.xcconfig; name = "Pods-mycallenderUITests.release.xcconfig"; path = "Pods/Target Support Files/Pods-mycallenderUITests/Pods-mycallenderUITests.release.xcconfig"; sourceTree = "<group>"; };
		318BB39FE3FC6A28F7E08F23 /* Pods-mycallenderTests.debug.xcconfig */ = {isa = PBXFileReference; includeInIndex = 1; lastKnownFileType = text.xcconfig; name = "Pods-mycallenderTests.debug.xcconfig"; path = "Pods/Target Support Files/Pods-mycallenderTests/Pods-mycallenderTests.debug.xcconfig"; sourceTree = "<group>"; };
		35B86A811A1382A49659F3FE /* Pods_mycallenderTests.framework */ = {isa = PBXFileReference; explicitFileType = wrapper.framework; includeInIndex = 0; path = Pods_mycallenderTests.framework; sourceTree = BUILT_PRODUCTS_DIR; };
		38EB04921AA0B3BBFC23BEAF /* Pods_mycallender.framework */ = {isa = PBXFileReference; explicitFileType = wrapper.framework; includeInIndex = 0; path = Pods_mycallender.framework; sourceTree = BUILT_PRODUCTS_DIR; };
		4DA8F75E015E5D596C5EA2FA /* Pods_mycallenderUITests.framework */ = {isa = PBXFileReference; explicitFileType = wrapper.framework; includeInIndex = 0; path = Pods_mycallenderUITests.framework; sourceTree = BUILT_PRODUCTS_DIR; };
		68270E8721B8B9360053695D /* home.swift */ = {isa = PBXFileReference; lastKnownFileType = sourcecode.swift; path = home.swift; sourceTree = "<group>"; };
		68270E8921B8B96E0053695D /* input.swift */ = {isa = PBXFileReference; lastKnownFileType = sourcecode.swift; path = input.swift; sourceTree = "<group>"; };
		68270E8B21B8B9A20053695D /* settings.swift */ = {isa = PBXFileReference; lastKnownFileType = sourcecode.swift; path = settings.swift; sourceTree = "<group>"; };
		68270E8D21B8B9C20053695D /* graph.swift */ = {isa = PBXFileReference; lastKnownFileType = sourcecode.swift; path = graph.swift; sourceTree = "<group>"; };
		68D6538E21B8A2DD00169DA5 /* mycallender.app */ = {isa = PBXFileReference; explicitFileType = wrapper.application; includeInIndex = 0; path = mycallender.app; sourceTree = BUILT_PRODUCTS_DIR; };
		68D6539121B8A2DD00169DA5 /* AppDelegate.swift */ = {isa = PBXFileReference; lastKnownFileType = sourcecode.swift; path = AppDelegate.swift; sourceTree = "<group>"; };
		68D6539821B8A2DD00169DA5 /* Base */ = {isa = PBXFileReference; lastKnownFileType = file.storyboard; name = Base; path = Base.lproj/Main.storyboard; sourceTree = "<group>"; };
		68D6539A21B8A2E000169DA5 /* Assets.xcassets */ = {isa = PBXFileReference; lastKnownFileType = folder.assetcatalog; path = Assets.xcassets; sourceTree = "<group>"; };
		68D6539D21B8A2E000169DA5 /* Base */ = {isa = PBXFileReference; lastKnownFileType = file.storyboard; name = Base; path = Base.lproj/LaunchScreen.storyboard; sourceTree = "<group>"; };
		68D6539F21B8A2E000169DA5 /* Info.plist */ = {isa = PBXFileReference; lastKnownFileType = text.plist.xml; path = Info.plist; sourceTree = "<group>"; };
		68D653A421B8A2E000169DA5 /* mycallenderTests.xctest */ = {isa = PBXFileReference; explicitFileType = wrapper.cfbundle; includeInIndex = 0; path = mycallenderTests.xctest; sourceTree = BUILT_PRODUCTS_DIR; };
		68D653A821B8A2E000169DA5 /* mycallenderTests.swift */ = {isa = PBXFileReference; lastKnownFileType = sourcecode.swift; path = mycallenderTests.swift; sourceTree = "<group>"; };
		68D653AA21B8A2E000169DA5 /* Info.plist */ = {isa = PBXFileReference; lastKnownFileType = text.plist.xml; path = Info.plist; sourceTree = "<group>"; };
		68D653AF21B8A2E000169DA5 /* mycallenderUITests.xctest */ = {isa = PBXFileReference; explicitFileType = wrapper.cfbundle; includeInIndex = 0; path = mycallenderUITests.xctest; sourceTree = BUILT_PRODUCTS_DIR; };
		68D653B321B8A2E000169DA5 /* mycallenderUITests.swift */ = {isa = PBXFileReference; lastKnownFileType = sourcecode.swift; path = mycallenderUITests.swift; sourceTree = "<group>"; };
		68D653B521B8A2E000169DA5 /* Info.plist */ = {isa = PBXFileReference; lastKnownFileType = text.plist.xml; path = Info.plist; sourceTree = "<group>"; };
		68D653C321B8A31D00169DA5 /* graph.storyboard */ = {isa = PBXFileReference; lastKnownFileType = file.storyboard; path = graph.storyboard; sourceTree = "<group>"; };
		68D653C521B8A32B00169DA5 /* settings.storyboard */ = {isa = PBXFileReference; lastKnownFileType = file.storyboard; path = settings.storyboard; sourceTree = "<group>"; };
		68D653C721B8A33800169DA5 /* input.storyboard */ = {isa = PBXFileReference; lastKnownFileType = file.storyboard; path = input.storyboard; sourceTree = "<group>"; };
		68D653C921B8A35100169DA5 /* home.storyboard */ = {isa = PBXFileReference; lastKnownFileType = file.storyboard; path = home.storyboard; sourceTree = "<group>"; };
		A4442A5F21B8C6480078AD61 /* Event.swift */ = {isa = PBXFileReference; lastKnownFileType = sourcecode.swift; path = Event.swift; sourceTree = "<group>"; };
		EC6B5A851BC5D11F334DBA44 /* Pods-mycallender.release.xcconfig */ = {isa = PBXFileReference; includeInIndex = 1; lastKnownFileType = text.xcconfig; name = "Pods-mycallender.release.xcconfig"; path = "Pods/Target Support Files/Pods-mycallender/Pods-mycallender.release.xcconfig"; sourceTree = "<group>"; };
		F3E91E7016F13996B25F0446 /* Pods-mycallenderTests.release.xcconfig */ = {isa = PBXFileReference; includeInIndex = 1; lastKnownFileType = text.xcconfig; name = "Pods-mycallenderTests.release.xcconfig"; path = "Pods/Target Support Files/Pods-mycallenderTests/Pods-mycallenderTests.release.xcconfig"; sourceTree = "<group>"; };
/* End PBXFileReference section */

/* Begin PBXFrameworksBuildPhase section */
		68D6538B21B8A2DD00169DA5 /* Frameworks */ = {
			isa = PBXFrameworksBuildPhase;
			buildActionMask = 2147483647;
			files = (
				3206AE30FE3A8B25C91C5815 /* Pods_mycallender.framework in Frameworks */,
			);
			runOnlyForDeploymentPostprocessing = 0;
		};
		68D653A121B8A2E000169DA5 /* Frameworks */ = {
			isa = PBXFrameworksBuildPhase;
			buildActionMask = 2147483647;
			files = (
				02FCDB8294257D3176DBDB95 /* Pods_mycallenderTests.framework in Frameworks */,
			);
			runOnlyForDeploymentPostprocessing = 0;
		};
		68D653AC21B8A2E000169DA5 /* Frameworks */ = {
			isa = PBXFrameworksBuildPhase;
			buildActionMask = 2147483647;
			files = (
				68547DE536086210E3CD131C /* Pods_mycallenderUITests.framework in Frameworks */,
			);
			runOnlyForDeploymentPostprocessing = 0;
		};
/* End PBXFrameworksBuildPhase section */

/* Begin PBXGroup section */
		68D6538521B8A2DD00169DA5 = {
			isa = PBXGroup;
			children = (
				68D6539021B8A2DD00169DA5 /* mycallender */,
				68D653A721B8A2E000169DA5 /* mycallenderTests */,
				68D653B221B8A2E000169DA5 /* mycallenderUITests */,
				68D6538F21B8A2DD00169DA5 /* Products */,
				C3F1C341AF7F9B2A5C89000F /* Pods */,
				EA8BF4E6A3917E35F8688304 /* Frameworks */,
			);
			sourceTree = "<group>";
		};
		68D6538F21B8A2DD00169DA5 /* Products */ = {
			isa = PBXGroup;
			children = (
				68D6538E21B8A2DD00169DA5 /* mycallender.app */,
				68D653A421B8A2E000169DA5 /* mycallenderTests.xctest */,
				68D653AF21B8A2E000169DA5 /* mycallenderUITests.xctest */,
			);
			name = Products;
			sourceTree = "<group>";
		};
		68D6539021B8A2DD00169DA5 /* mycallender */ = {
			isa = PBXGroup;
			children = (
				68D6539121B8A2DD00169DA5 /* AppDelegate.swift */,

				68D6539721B8A2DD00169DA5 /* Main.storyboard */,
				68270E8D21B8B9C20053695D /* graph.swift */,
				68270E8B21B8B9A20053695D /* settings.swift */,
				68270E8921B8B96E0053695D /* input.swift */,
				68270E8721B8B9360053695D /* home.swift */,
				68D653C921B8A35100169DA5 /* home.storyboard */,
				68D653C721B8A33800169DA5 /* input.storyboard */,
				68D653C521B8A32B00169DA5 /* settings.storyboard */,
				68D653C321B8A31D00169DA5 /* graph.storyboard */,
				68D6539A21B8A2E000169DA5 /* Assets.xcassets */,
				68D6539C21B8A2E000169DA5 /* LaunchScreen.storyboard */,
				68D6539F21B8A2E000169DA5 /* Info.plist */,
			);
			path = mycallender;
			sourceTree = "<group>";
		};
		68D653A721B8A2E000169DA5 /* mycallenderTests */ = {
			isa = PBXGroup;
			children = (
				68D653A821B8A2E000169DA5 /* mycallenderTests.swift */,
				68D653AA21B8A2E000169DA5 /* Info.plist */,
			);
			path = mycallenderTests;
			sourceTree = "<group>";
		};
		68D653B221B8A2E000169DA5 /* mycallenderUITests */ = {
			isa = PBXGroup;
			children = (
				68D653B321B8A2E000169DA5 /* mycallenderUITests.swift */,
				68D653B521B8A2E000169DA5 /* Info.plist */,
			);
			path = mycallenderUITests;
			sourceTree = "<group>";
		};
		C3F1C341AF7F9B2A5C89000F /* Pods */ = {
			isa = PBXGroup;
			children = (
				1B843D7E5FCBC5BBB18AC979 /* Pods-mycallender.debug.xcconfig */,
				EC6B5A851BC5D11F334DBA44 /* Pods-mycallender.release.xcconfig */,
				318BB39FE3FC6A28F7E08F23 /* Pods-mycallenderTests.debug.xcconfig */,
				F3E91E7016F13996B25F0446 /* Pods-mycallenderTests.release.xcconfig */,
				0B231C379AE96BB8349D21F1 /* Pods-mycallenderUITests.debug.xcconfig */,
				1CFC33F1D01C5B86C4FAB0EF /* Pods-mycallenderUITests.release.xcconfig */,
			);
			name = Pods;
			sourceTree = "<group>";
		};
		EA8BF4E6A3917E35F8688304 /* Frameworks */ = {
			isa = PBXGroup;
			children = (
				38EB04921AA0B3BBFC23BEAF /* Pods_mycallender.framework */,
				35B86A811A1382A49659F3FE /* Pods_mycallenderTests.framework */,
				4DA8F75E015E5D596C5EA2FA /* Pods_mycallenderUITests.framework */,
			);
			name = Frameworks;
			sourceTree = "<group>";
		};
/* End PBXGroup section */

/* Begin PBXNativeTarget section */
		68D6538D21B8A2DD00169DA5 /* mycallender */ = {
			isa = PBXNativeTarget;
			buildConfigurationList = 68D653B821B8A2E000169DA5 /* Build configuration list for PBXNativeTarget "mycallender" */;
			buildPhases = (
				C76350F0C2F36EE743D0087A /* [CP] Check Pods Manifest.lock */,
				68D6538A21B8A2DD00169DA5 /* Sources */,
				68D6538B21B8A2DD00169DA5 /* Frameworks */,
				68D6538C21B8A2DD00169DA5 /* Resources */,
				F6F9C16CC9EB1D0742F04C23 /* [CP] Embed Pods Frameworks */,
			);
			buildRules = (
			);
			dependencies = (
			);
			name = mycallender;
			productName = mycallender;
			productReference = 68D6538E21B8A2DD00169DA5 /* mycallender.app */;
			productType = "com.apple.product-type.application";
		};
		68D653A321B8A2E000169DA5 /* mycallenderTests */ = {
			isa = PBXNativeTarget;
			buildConfigurationList = 68D653BB21B8A2E000169DA5 /* Build configuration list for PBXNativeTarget "mycallenderTests" */;
			buildPhases = (
				E3B85C2757BE551EC5B14FBC /* [CP] Check Pods Manifest.lock */,
				68D653A021B8A2E000169DA5 /* Sources */,
				68D653A121B8A2E000169DA5 /* Frameworks */,
				68D653A221B8A2E000169DA5 /* Resources */,
			);
			buildRules = (
			);
			dependencies = (
				68D653A621B8A2E000169DA5 /* PBXTargetDependency */,
			);
			name = mycallenderTests;
			productName = mycallenderTests;
			productReference = 68D653A421B8A2E000169DA5 /* mycallenderTests.xctest */;
			productType = "com.apple.product-type.bundle.unit-test";
		};
		68D653AE21B8A2E000169DA5 /* mycallenderUITests */ = {
			isa = PBXNativeTarget;
			buildConfigurationList = 68D653BE21B8A2E000169DA5 /* Build configuration list for PBXNativeTarget "mycallenderUITests" */;
			buildPhases = (
				7B8BA32C27EEF423EC59B349 /* [CP] Check Pods Manifest.lock */,
				68D653AB21B8A2E000169DA5 /* Sources */,
				68D653AC21B8A2E000169DA5 /* Frameworks */,
				68D653AD21B8A2E000169DA5 /* Resources */,
			);
			buildRules = (
			);
			dependencies = (
				68D653B121B8A2E000169DA5 /* PBXTargetDependency */,
			);
			name = mycallenderUITests;
			productName = mycallenderUITests;
			productReference = 68D653AF21B8A2E000169DA5 /* mycallenderUITests.xctest */;
			productType = "com.apple.product-type.bundle.ui-testing";
		};
/* End PBXNativeTarget section */

/* Begin PBXProject section */
		68D6538621B8A2DD00169DA5 /* Project object */ = {
			isa = PBXProject;
			attributes = {
				LastSwiftUpdateCheck = 1010;
				LastUpgradeCheck = 1010;
				ORGANIZATIONNAME = "kentarou sudate";
				TargetAttributes = {
					68D6538D21B8A2DD00169DA5 = {
						CreatedOnToolsVersion = 10.1;
					};
					68D653A321B8A2E000169DA5 = {
						CreatedOnToolsVersion = 10.1;
						TestTargetID = 68D6538D21B8A2DD00169DA5;
					};
					68D653AE21B8A2E000169DA5 = {
						CreatedOnToolsVersion = 10.1;
						TestTargetID = 68D6538D21B8A2DD00169DA5;
					};
				};
			};
			buildConfigurationList = 68D6538921B8A2DD00169DA5 /* Build configuration list for PBXProject "mycallender" */;
			compatibilityVersion = "Xcode 9.3";
			developmentRegion = en;
			hasScannedForEncodings = 0;
			knownRegions = (
				en,
				Base,
			);
			mainGroup = 68D6538521B8A2DD00169DA5;
			productRefGroup = 68D6538F21B8A2DD00169DA5 /* Products */;
			projectDirPath = "";
			projectRoot = "";
			targets = (
				68D6538D21B8A2DD00169DA5 /* mycallender */,
				68D653A321B8A2E000169DA5 /* mycallenderTests */,
				68D653AE21B8A2E000169DA5 /* mycallenderUITests */,
			);
		};
/* End PBXProject section */

/* Begin PBXResourcesBuildPhase section */
		68D6538C21B8A2DD00169DA5 /* Resources */ = {
			isa = PBXResourcesBuildPhase;
			buildActionMask = 2147483647;
			files = (
				68D6539E21B8A2E000169DA5 /* LaunchScreen.storyboard in Resources */,
				68D653CA21B8A35100169DA5 /* home.storyboard in Resources */,
				68D653C821B8A33800169DA5 /* input.storyboard in Resources */,
				68D653C621B8A32B00169DA5 /* settings.storyboard in Resources */,
				68D6539B21B8A2E000169DA5 /* Assets.xcassets in Resources */,
				68D653C421B8A31D00169DA5 /* graph.storyboard in Resources */,
				68D6539921B8A2DD00169DA5 /* Main.storyboard in Resources */,
			);
			runOnlyForDeploymentPostprocessing = 0;
		};
		68D653A221B8A2E000169DA5 /* Resources */ = {
			isa = PBXResourcesBuildPhase;
			buildActionMask = 2147483647;
			files = (
			);
			runOnlyForDeploymentPostprocessing = 0;
		};
		68D653AD21B8A2E000169DA5 /* Resources */ = {
			isa = PBXResourcesBuildPhase;
			buildActionMask = 2147483647;
			files = (
			);
			runOnlyForDeploymentPostprocessing = 0;
		};
/* End PBXResourcesBuildPhase section */

/* Begin PBXShellScriptBuildPhase section */
		7B8BA32C27EEF423EC59B349 /* [CP] Check Pods Manifest.lock */ = {
			isa = PBXShellScriptBuildPhase;
			buildActionMask = 2147483647;
			files = (
			);
			inputFileListPaths = (
			);
			inputPaths = (
				"${PODS_PODFILE_DIR_PATH}/Podfile.lock",
				"${PODS_ROOT}/Manifest.lock",
			);
			name = "[CP] Check Pods Manifest.lock";
			outputFileListPaths = (
			);
			outputPaths = (
				"$(DERIVED_FILE_DIR)/Pods-mycallenderUITests-checkManifestLockResult.txt",
			);
			runOnlyForDeploymentPostprocessing = 0;
			shellPath = /bin/sh;
			shellScript = "diff \"${PODS_PODFILE_DIR_PATH}/Podfile.lock\" \"${PODS_ROOT}/Manifest.lock\" > /dev/null\nif [ $? != 0 ] ; then\n    # print error to STDERR\n    echo \"error: The sandbox is not in sync with the Podfile.lock. Run 'pod install' or update your CocoaPods installation.\" >&2\n    exit 1\nfi\n# This output is used by Xcode 'outputs' to avoid re-running this script phase.\necho \"SUCCESS\" > \"${SCRIPT_OUTPUT_FILE_0}\"\n";
			showEnvVarsInLog = 0;
		};
		C76350F0C2F36EE743D0087A /* [CP] Check Pods Manifest.lock */ = {
			isa = PBXShellScriptBuildPhase;
			buildActionMask = 2147483647;
			files = (
			);
			inputFileListPaths = (
			);
			inputPaths = (
				"${PODS_PODFILE_DIR_PATH}/Podfile.lock",
				"${PODS_ROOT}/Manifest.lock",
			);
			name = "[CP] Check Pods Manifest.lock";
			outputFileListPaths = (
			);
			outputPaths = (
				"$(DERIVED_FILE_DIR)/Pods-mycallender-checkManifestLockResult.txt",
			);
			runOnlyForDeploymentPostprocessing = 0;
			shellPath = /bin/sh;
			shellScript = "diff \"${PODS_PODFILE_DIR_PATH}/Podfile.lock\" \"${PODS_ROOT}/Manifest.lock\" > /dev/null\nif [ $? != 0 ] ; then\n    # print error to STDERR\n    echo \"error: The sandbox is not in sync with the Podfile.lock. Run 'pod install' or update your CocoaPods installation.\" >&2\n    exit 1\nfi\n# This output is used by Xcode 'outputs' to avoid re-running this script phase.\necho \"SUCCESS\" > \"${SCRIPT_OUTPUT_FILE_0}\"\n";
			showEnvVarsInLog = 0;
		};
		E3B85C2757BE551EC5B14FBC /* [CP] Check Pods Manifest.lock */ = {
			isa = PBXShellScriptBuildPhase;
			buildActionMask = 2147483647;
			files = (
			);
			inputFileListPaths = (
			);
			inputPaths = (
				"${PODS_PODFILE_DIR_PATH}/Podfile.lock",
				"${PODS_ROOT}/Manifest.lock",
			);
			name = "[CP] Check Pods Manifest.lock";
			outputFileListPaths = (
			);
			outputPaths = (
				"$(DERIVED_FILE_DIR)/Pods-mycallenderTests-checkManifestLockResult.txt",
			);
			runOnlyForDeploymentPostprocessing = 0;
			shellPath = /bin/sh;
			shellScript = "diff \"${PODS_PODFILE_DIR_PATH}/Podfile.lock\" \"${PODS_ROOT}/Manifest.lock\" > /dev/null\nif [ $? != 0 ] ; then\n    # print error to STDERR\n    echo \"error: The sandbox is not in sync with the Podfile.lock. Run 'pod install' or update your CocoaPods installation.\" >&2\n    exit 1\nfi\n# This output is used by Xcode 'outputs' to avoid re-running this script phase.\necho \"SUCCESS\" > \"${SCRIPT_OUTPUT_FILE_0}\"\n";
			showEnvVarsInLog = 0;
		};
		F6F9C16CC9EB1D0742F04C23 /* [CP] Embed Pods Frameworks */ = {
			isa = PBXShellScriptBuildPhase;
			buildActionMask = 2147483647;
			files = (
			);
			inputFileListPaths = (
			);
			inputPaths = (
				"${SRCROOT}/Pods/Target Support Files/Pods-mycallender/Pods-mycallender-frameworks.sh",
				"${BUILT_PRODUCTS_DIR}/CalculateCalendarLogic/CalculateCalendarLogic.framework",
				"${BUILT_PRODUCTS_DIR}/FSCalendar/FSCalendar.framework",
				"${BUILT_PRODUCTS_DIR}/Realm/Realm.framework",
				"${BUILT_PRODUCTS_DIR}/RealmSwift/RealmSwift.framework",
			);
			name = "[CP] Embed Pods Frameworks";
			outputFileListPaths = (
			);
			outputPaths = (
				"${TARGET_BUILD_DIR}/${FRAMEWORKS_FOLDER_PATH}/CalculateCalendarLogic.framework",
				"${TARGET_BUILD_DIR}/${FRAMEWORKS_FOLDER_PATH}/FSCalendar.framework",
				"${TARGET_BUILD_DIR}/${FRAMEWORKS_FOLDER_PATH}/Realm.framework",
				"${TARGET_BUILD_DIR}/${FRAMEWORKS_FOLDER_PATH}/RealmSwift.framework",
			);
			runOnlyForDeploymentPostprocessing = 0;
			shellPath = /bin/sh;
			shellScript = "\"${SRCROOT}/Pods/Target Support Files/Pods-mycallender/Pods-mycallender-frameworks.sh\"\n";
			showEnvVarsInLog = 0;
		};
/* End PBXShellScriptBuildPhase section */

/* Begin PBXSourcesBuildPhase section */
		68D6538A21B8A2DD00169DA5 /* Sources */ = {
			isa = PBXSourcesBuildPhase;
			buildActionMask = 2147483647;
			files = (
				A4442A6021B8C6480078AD61 /* Event.swift in Sources */,
				68270E8E21B8B9C20053695D /* graph.swift in Sources */,
				68270E8A21B8B96E0053695D /* input.swift in Sources */,
				68270E8C21B8B9A20053695D /* settings.swift in Sources */,
				68D6539221B8A2DD00169DA5 /* AppDelegate.swift in Sources */,
				68270E8821B8B9360053695D /* home.swift in Sources */,
			);
			runOnlyForDeploymentPostprocessing = 0;
		};
		68D653A021B8A2E000169DA5 /* Sources */ = {
			isa = PBXSourcesBuildPhase;
			buildActionMask = 2147483647;
			files = (
				68D653A921B8A2E000169DA5 /* mycallenderTests.swift in Sources */,
			);
			runOnlyForDeploymentPostprocessing = 0;
		};
		68D653AB21B8A2E000169DA5 /* Sources */ = {
			isa = PBXSourcesBuildPhase;
			buildActionMask = 2147483647;
			files = (
				68D653B421B8A2E000169DA5 /* mycallenderUITests.swift in Sources */,
			);
			runOnlyForDeploymentPostprocessing = 0;
		};
/* End PBXSourcesBuildPhase section */

/* Begin PBXTargetDependency section */
		68D653A621B8A2E000169DA5 /* PBXTargetDependency */ = {
			isa = PBXTargetDependency;
			target = 68D6538D21B8A2DD00169DA5 /* mycallender */;
			targetProxy = 68D653A521B8A2E000169DA5 /* PBXContainerItemProxy */;
		};
		68D653B121B8A2E000169DA5 /* PBXTargetDependency */ = {
			isa = PBXTargetDependency;
			target = 68D6538D21B8A2DD00169DA5 /* mycallender */;
			targetProxy = 68D653B021B8A2E000169DA5 /* PBXContainerItemProxy */;
		};
/* End PBXTargetDependency section */

/* Begin PBXVariantGroup section */
		68D6539721B8A2DD00169DA5 /* Main.storyboard */ = {
			isa = PBXVariantGroup;
			children = (
				68D6539821B8A2DD00169DA5 /* Base */,
			);
			name = Main.storyboard;
			sourceTree = "<group>";
		};
		68D6539C21B8A2E000169DA5 /* LaunchScreen.storyboard */ = {
			isa = PBXVariantGroup;
			children = (
				68D6539D21B8A2E000169DA5 /* Base */,
			);
			name = LaunchScreen.storyboard;
			sourceTree = "<group>";
		};
/* End PBXVariantGroup section */

/* Begin XCBuildConfiguration section */
		68D653B621B8A2E000169DA5 /* Debug */ = {
			isa = XCBuildConfiguration;
			buildSettings = {
				ALWAYS_SEARCH_USER_PATHS = NO;
				CLANG_ANALYZER_NONNULL = YES;
				CLANG_ANALYZER_NUMBER_OBJECT_CONVERSION = YES_AGGRESSIVE;
				CLANG_CXX_LANGUAGE_STANDARD = "gnu++14";
				CLANG_CXX_LIBRARY = "libc++";
				CLANG_ENABLE_MODULES = YES;
				CLANG_ENABLE_OBJC_ARC = YES;
				CLANG_ENABLE_OBJC_WEAK = YES;
				CLANG_WARN_BLOCK_CAPTURE_AUTORELEASING = YES;
				CLANG_WARN_BOOL_CONVERSION = YES;
				CLANG_WARN_COMMA = YES;
				CLANG_WARN_CONSTANT_CONVERSION = YES;
				CLANG_WARN_DEPRECATED_OBJC_IMPLEMENTATIONS = YES;
				CLANG_WARN_DIRECT_OBJC_ISA_USAGE = YES_ERROR;
				CLANG_WARN_DOCUMENTATION_COMMENTS = YES;
				CLANG_WARN_EMPTY_BODY = YES;
				CLANG_WARN_ENUM_CONVERSION = YES;
				CLANG_WARN_INFINITE_RECURSION = YES;
				CLANG_WARN_INT_CONVERSION = YES;
				CLANG_WARN_NON_LITERAL_NULL_CONVERSION = YES;
				CLANG_WARN_OBJC_IMPLICIT_RETAIN_SELF = YES;
				CLANG_WARN_OBJC_LITERAL_CONVERSION = YES;
				CLANG_WARN_OBJC_ROOT_CLASS = YES_ERROR;
				CLANG_WARN_RANGE_LOOP_ANALYSIS = YES;
				CLANG_WARN_STRICT_PROTOTYPES = YES;
				CLANG_WARN_SUSPICIOUS_MOVE = YES;
				CLANG_WARN_UNGUARDED_AVAILABILITY = YES_AGGRESSIVE;
				CLANG_WARN_UNREACHABLE_CODE = YES;
				CLANG_WARN__DUPLICATE_METHOD_MATCH = YES;
				CODE_SIGN_IDENTITY = "iPhone Developer";
				COPY_PHASE_STRIP = NO;
				DEBUG_INFORMATION_FORMAT = dwarf;
				ENABLE_STRICT_OBJC_MSGSEND = YES;
				ENABLE_TESTABILITY = YES;
				GCC_C_LANGUAGE_STANDARD = gnu11;
				GCC_DYNAMIC_NO_PIC = NO;
				GCC_NO_COMMON_BLOCKS = YES;
				GCC_OPTIMIZATION_LEVEL = 0;
				GCC_PREPROCESSOR_DEFINITIONS = (
					"DEBUG=1",
					"$(inherited)",
				);
				GCC_WARN_64_TO_32_BIT_CONVERSION = YES;
				GCC_WARN_ABOUT_RETURN_TYPE = YES_ERROR;
				GCC_WARN_UNDECLARED_SELECTOR = YES;
				GCC_WARN_UNINITIALIZED_AUTOS = YES_AGGRESSIVE;
				GCC_WARN_UNUSED_FUNCTION = YES;
				GCC_WARN_UNUSED_VARIABLE = YES;
				IPHONEOS_DEPLOYMENT_TARGET = 12.1;
				MTL_ENABLE_DEBUG_INFO = INCLUDE_SOURCE;
				MTL_FAST_MATH = YES;
				ONLY_ACTIVE_ARCH = YES;
				SDKROOT = iphoneos;
				SWIFT_ACTIVE_COMPILATION_CONDITIONS = DEBUG;
				SWIFT_OPTIMIZATION_LEVEL = "-Onone";
			};
			name = Debug;
		};
		68D653B721B8A2E000169DA5 /* Release */ = {
			isa = XCBuildConfiguration;
			buildSettings = {
				ALWAYS_SEARCH_USER_PATHS = NO;
				CLANG_ANALYZER_NONNULL = YES;
				CLANG_ANALYZER_NUMBER_OBJECT_CONVERSION = YES_AGGRESSIVE;
				CLANG_CXX_LANGUAGE_STANDARD = "gnu++14";
				CLANG_CXX_LIBRARY = "libc++";
				CLANG_ENABLE_MODULES = YES;
				CLANG_ENABLE_OBJC_ARC = YES;
				CLANG_ENABLE_OBJC_WEAK = YES;
				CLANG_WARN_BLOCK_CAPTURE_AUTORELEASING = YES;
				CLANG_WARN_BOOL_CONVERSION = YES;
				CLANG_WARN_COMMA = YES;
				CLANG_WARN_CONSTANT_CONVERSION = YES;
				CLANG_WARN_DEPRECATED_OBJC_IMPLEMENTATIONS = YES;
				CLANG_WARN_DIRECT_OBJC_ISA_USAGE = YES_ERROR;
				CLANG_WARN_DOCUMENTATION_COMMENTS = YES;
				CLANG_WARN_EMPTY_BODY = YES;
				CLANG_WARN_ENUM_CONVERSION = YES;
				CLANG_WARN_INFINITE_RECURSION = YES;
				CLANG_WARN_INT_CONVERSION = YES;
				CLANG_WARN_NON_LITERAL_NULL_CONVERSION = YES;
				CLANG_WARN_OBJC_IMPLICIT_RETAIN_SELF = YES;
				CLANG_WARN_OBJC_LITERAL_CONVERSION = YES;
				CLANG_WARN_OBJC_ROOT_CLASS = YES_ERROR;
				CLANG_WARN_RANGE_LOOP_ANALYSIS = YES;
				CLANG_WARN_STRICT_PROTOTYPES = YES;
				CLANG_WARN_SUSPICIOUS_MOVE = YES;
				CLANG_WARN_UNGUARDED_AVAILABILITY = YES_AGGRESSIVE;
				CLANG_WARN_UNREACHABLE_CODE = YES;
				CLANG_WARN__DUPLICATE_METHOD_MATCH = YES;
				CODE_SIGN_IDENTITY = "iPhone Developer";
				COPY_PHASE_STRIP = NO;
				DEBUG_INFORMATION_FORMAT = "dwarf-with-dsym";
				ENABLE_NS_ASSERTIONS = NO;
				ENABLE_STRICT_OBJC_MSGSEND = YES;
				GCC_C_LANGUAGE_STANDARD = gnu11;
				GCC_NO_COMMON_BLOCKS = YES;
				GCC_WARN_64_TO_32_BIT_CONVERSION = YES;
				GCC_WARN_ABOUT_RETURN_TYPE = YES_ERROR;
				GCC_WARN_UNDECLARED_SELECTOR = YES;
				GCC_WARN_UNINITIALIZED_AUTOS = YES_AGGRESSIVE;
				GCC_WARN_UNUSED_FUNCTION = YES;
				GCC_WARN_UNUSED_VARIABLE = YES;
				IPHONEOS_DEPLOYMENT_TARGET = 12.1;
				MTL_ENABLE_DEBUG_INFO = NO;
				MTL_FAST_MATH = YES;
				SDKROOT = iphoneos;
				SWIFT_COMPILATION_MODE = wholemodule;
				SWIFT_OPTIMIZATION_LEVEL = "-O";
				VALIDATE_PRODUCT = YES;
			};
			name = Release;
		};
		68D653B921B8A2E000169DA5 /* Debug */ = {
			isa = XCBuildConfiguration;
			baseConfigurationReference = 1B843D7E5FCBC5BBB18AC979 /* Pods-mycallender.debug.xcconfig */;
			buildSettings = {
				ASSETCATALOG_COMPILER_APPICON_NAME = AppIcon;
				CODE_SIGN_STYLE = Automatic;
				INFOPLIST_FILE = mycallender/Info.plist;
				LD_RUNPATH_SEARCH_PATHS = (
					"$(inherited)",
					"@executable_path/Frameworks",
				);
				PRODUCT_BUNDLE_IDENTIFIER = "jp.ac.u-ryukyu.ie-e175754.mycallender";
				PRODUCT_NAME = "$(TARGET_NAME)";
				SWIFT_VERSION = 4.2;
				TARGETED_DEVICE_FAMILY = "1,2";
			};
			name = Debug;
		};
		68D653BA21B8A2E000169DA5 /* Release */ = {
			isa = XCBuildConfiguration;
			baseConfigurationReference = EC6B5A851BC5D11F334DBA44 /* Pods-mycallender.release.xcconfig */;
			buildSettings = {
				ASSETCATALOG_COMPILER_APPICON_NAME = AppIcon;
				CODE_SIGN_STYLE = Automatic;
				INFOPLIST_FILE = mycallender/Info.plist;
				LD_RUNPATH_SEARCH_PATHS = (
					"$(inherited)",
					"@executable_path/Frameworks",
				);
				PRODUCT_BUNDLE_IDENTIFIER = "jp.ac.u-ryukyu.ie-e175754.mycallender";
				PRODUCT_NAME = "$(TARGET_NAME)";
				SWIFT_VERSION = 4.2;
				TARGETED_DEVICE_FAMILY = "1,2";
			};
			name = Release;
		};
		68D653BC21B8A2E000169DA5 /* Debug */ = {
			isa = XCBuildConfiguration;
			baseConfigurationReference = 318BB39FE3FC6A28F7E08F23 /* Pods-mycallenderTests.debug.xcconfig */;
			buildSettings = {
				ALWAYS_EMBED_SWIFT_STANDARD_LIBRARIES = YES;
				BUNDLE_LOADER = "$(TEST_HOST)";
				CODE_SIGN_STYLE = Automatic;
				INFOPLIST_FILE = mycallenderTests/Info.plist;
				LD_RUNPATH_SEARCH_PATHS = (
					"$(inherited)",
					"@executable_path/Frameworks",
					"@loader_path/Frameworks",
				);
				PRODUCT_BUNDLE_IDENTIFIER = "jp.ac.u-ryukyu.ie-e175754.mycallenderTests";
				PRODUCT_NAME = "$(TARGET_NAME)";
				SWIFT_VERSION = 4.2;
				TARGETED_DEVICE_FAMILY = "1,2";
				TEST_HOST = "$(BUILT_PRODUCTS_DIR)/mycallender.app/mycallender";
			};
			name = Debug;
		};
		68D653BD21B8A2E000169DA5 /* Release */ = {
			isa = XCBuildConfiguration;
			baseConfigurationReference = F3E91E7016F13996B25F0446 /* Pods-mycallenderTests.release.xcconfig */;
			buildSettings = {
				ALWAYS_EMBED_SWIFT_STANDARD_LIBRARIES = YES;
				BUNDLE_LOADER = "$(TEST_HOST)";
				CODE_SIGN_STYLE = Automatic;
				INFOPLIST_FILE = mycallenderTests/Info.plist;
				LD_RUNPATH_SEARCH_PATHS = (
					"$(inherited)",
					"@executable_path/Frameworks",
					"@loader_path/Frameworks",
				);
				PRODUCT_BUNDLE_IDENTIFIER = "jp.ac.u-ryukyu.ie-e175754.mycallenderTests";
				PRODUCT_NAME = "$(TARGET_NAME)";
				SWIFT_VERSION = 4.2;
				TARGETED_DEVICE_FAMILY = "1,2";
				TEST_HOST = "$(BUILT_PRODUCTS_DIR)/mycallender.app/mycallender";
			};
			name = Release;
		};
		68D653BF21B8A2E000169DA5 /* Debug */ = {
			isa = XCBuildConfiguration;
			baseConfigurationReference = 0B231C379AE96BB8349D21F1 /* Pods-mycallenderUITests.debug.xcconfig */;
			buildSettings = {
				ALWAYS_EMBED_SWIFT_STANDARD_LIBRARIES = YES;
				CODE_SIGN_STYLE = Automatic;
				INFOPLIST_FILE = mycallenderUITests/Info.plist;
				LD_RUNPATH_SEARCH_PATHS = (
					"$(inherited)",
					"@executable_path/Frameworks",
					"@loader_path/Frameworks",
				);
				PRODUCT_BUNDLE_IDENTIFIER = "jp.ac.u-ryukyu.ie-e175754.mycallenderUITests";
				PRODUCT_NAME = "$(TARGET_NAME)";
				SWIFT_VERSION = 4.2;
				TARGETED_DEVICE_FAMILY = "1,2";
				TEST_TARGET_NAME = mycallender;
			};
			name = Debug;
		};
		68D653C021B8A2E000169DA5 /* Release */ = {
			isa = XCBuildConfiguration;
			baseConfigurationReference = 1CFC33F1D01C5B86C4FAB0EF /* Pods-mycallenderUITests.release.xcconfig */;
			buildSettings = {
				ALWAYS_EMBED_SWIFT_STANDARD_LIBRARIES = YES;
				CODE_SIGN_STYLE = Automatic;
				INFOPLIST_FILE = mycallenderUITests/Info.plist;
				LD_RUNPATH_SEARCH_PATHS = (
					"$(inherited)",
					"@executable_path/Frameworks",
					"@loader_path/Frameworks",
				);
				PRODUCT_BUNDLE_IDENTIFIER = "jp.ac.u-ryukyu.ie-e175754.mycallenderUITests";
				PRODUCT_NAME = "$(TARGET_NAME)";
				SWIFT_VERSION = 4.2;
				TARGETED_DEVICE_FAMILY = "1,2";
				TEST_TARGET_NAME = mycallender;
			};
			name = Release;
		};
/* End XCBuildConfiguration section */

/* Begin XCConfigurationList section */
		68D6538921B8A2DD00169DA5 /* Build configuration list for PBXProject "mycallender" */ = {
			isa = XCConfigurationList;
			buildConfigurations = (
				68D653B621B8A2E000169DA5 /* Debug */,
				68D653B721B8A2E000169DA5 /* Release */,
			);
			defaultConfigurationIsVisible = 0;
			defaultConfigurationName = Release;
		};
		68D653B821B8A2E000169DA5 /* Build configuration list for PBXNativeTarget "mycallender" */ = {
			isa = XCConfigurationList;
			buildConfigurations = (
				68D653B921B8A2E000169DA5 /* Debug */,
				68D653BA21B8A2E000169DA5 /* Release */,
			);
			defaultConfigurationIsVisible = 0;
			defaultConfigurationName = Release;
		};
		68D653BB21B8A2E000169DA5 /* Build configuration list for PBXNativeTarget "mycallenderTests" */ = {
			isa = XCConfigurationList;
			buildConfigurations = (
				68D653BC21B8A2E000169DA5 /* Debug */,
				68D653BD21B8A2E000169DA5 /* Release */,
			);
			defaultConfigurationIsVisible = 0;
			defaultConfigurationName = Release;
		};
		68D653BE21B8A2E000169DA5 /* Build configuration list for PBXNativeTarget "mycallenderUITests" */ = {
			isa = XCConfigurationList;
			buildConfigurations = (
				68D653BF21B8A2E000169DA5 /* Debug */,
				68D653C021B8A2E000169DA5 /* Release */,
			);
			defaultConfigurationIsVisible = 0;
			defaultConfigurationName = Release;
		};
/* End XCConfigurationList section */
	};
	rootObject = 68D6538621B8A2DD00169DA5 /* Project object */;
}
